
Microsoft Visual Studio Solution File, Format Version 12.00
# Visual Studio 15
VisualStudioVersion = 15.0.25807.0
MinimumVisualStudioVersion = 10.0.40219.1
Project("{2150E333-8FDC-42A3-9474-1A3956D46DE8}") = "Engine", "Engine", "{5E71587F-77DF-4E82-9621-A17E4C6490BA}"
EndProject
Project("{2150E333-8FDC-42A3-9474-1A3956D46DE8}") = "Games", "Games", "{BA475EC4-6A0E-47C2-AADF-3CDB47234175}"
EndProject
Project("{8BC9CEB8-8B4A-11D0-8D11-00A0C91BC942}") = "UE4", "Intermediate\ProjectFiles\UE4.vcxproj", "{944B88A3-5A29-419F-85CA-FD07087D1EBD}"
EndProject
Project("{8BC9CEB8-8B4A-11D0-8D11-00A0C91BC942}") = "FinalProjectAlpha", "Intermediate\ProjectFiles\FinalProjectAlpha.vcxproj", "{E6DF397B-6939-4511-AC66-22D7647039C5}"
EndProject
Project("{2150E333-8FDC-42A3-9474-1A3956D46DE8}") = "Visualizers", "Visualizers", "{5A36A393-1C34-4450-AF06-5BA8D68B6F54}"
	ProjectSection(SolutionItems) = preProject
		..\..\..\..\..\Program Files\Epic Games\UE_4.23\Engine\Extras\VisualStudioDebugging\UE4.natvis = ..\..\..\..\..\Program Files\Epic Games\UE_4.23\Engine\Extras\VisualStudioDebugging\UE4.natvis
	EndProjectSection
EndProject
Global
	GlobalSection(SolutionConfigurationPlatforms) = preSolution
		DebugGame Editor|HTML5 = DebugGame Editor|HTML5
		DebugGame Editor|Win32 = DebugGame Editor|Win32
		DebugGame Editor|Win64 = DebugGame Editor|Win64
		DebugGame|HTML5 = DebugGame|HTML5
		DebugGame|Win32 = DebugGame|Win32
		DebugGame|Win64 = DebugGame|Win64
		Development Editor|HTML5 = Development Editor|HTML5
		Development Editor|Win32 = Development Editor|Win32
		Development Editor|Win64 = Development Editor|Win64
		Development|HTML5 = Development|HTML5
		Development|Win32 = Development|Win32
		Development|Win64 = Development|Win64
		Shipping|HTML5 = Shipping|HTML5
		Shipping|Win32 = Shipping|Win32
		Shipping|Win64 = Shipping|Win64
	EndGlobalSection
	GlobalSection(ProjectConfigurationPlatforms) = postSolution
		{944B88A3-5A29-419F-85CA-FD07087D1EBD}.DebugGame Editor|HTML5.ActiveCfg = BuiltWithUnrealBuildTool|Win32
		{944B88A3-5A29-419F-85CA-FD07087D1EBD}.DebugGame Editor|Win32.ActiveCfg = BuiltWithUnrealBuildTool|Win32
		{944B88A3-5A29-419F-85CA-FD07087D1EBD}.DebugGame Editor|Win64.ActiveCfg = BuiltWithUnrealBuildTool|Win32
		{944B88A3-5A29-419F-85CA-FD07087D1EBD}.DebugGame|HTML5.ActiveCfg = BuiltWithUnrealBuildTool|Win32
		{944B88A3-5A29-419F-85CA-FD07087D1EBD}.DebugGame|Win32.ActiveCfg = BuiltWithUnrealBuildTool|Win32
		{944B88A3-5A29-419F-85CA-FD07087D1EBD}.DebugGame|Win64.ActiveCfg = BuiltWithUnrealBuildTool|Win32
		{944B88A3-5A29-419F-85CA-FD07087D1EBD}.Development Editor|HTML5.ActiveCfg = BuiltWithUnrealBuildTool|Win32
		{944B88A3-5A29-419F-85CA-FD07087D1EBD}.Development Editor|Win32.ActiveCfg = BuiltWithUnrealBuildTool|Win32
		{944B88A3-5A29-419F-85CA-FD07087D1EBD}.Development Editor|Win64.ActiveCfg = BuiltWithUnrealBuildTool|Win32
		{944B88A3-5A29-419F-85CA-FD07087D1EBD}.Development|HTML5.ActiveCfg = BuiltWithUnrealBuildTool|Win32
		{944B88A3-5A29-419F-85CA-FD07087D1EBD}.Development|Win32.ActiveCfg = BuiltWithUnrealBuildTool|Win32
		{944B88A3-5A29-419F-85CA-FD07087D1EBD}.Development|Win64.ActiveCfg = BuiltWithUnrealBuildTool|Win32
		{944B88A3-5A29-419F-85CA-FD07087D1EBD}.Shipping|HTML5.ActiveCfg = BuiltWithUnrealBuildTool|Win32
		{944B88A3-5A29-419F-85CA-FD07087D1EBD}.Shipping|Win32.ActiveCfg = BuiltWithUnrealBuildTool|Win32
		{944B88A3-5A29-419F-85CA-FD07087D1EBD}.Shipping|Win64.ActiveCfg = BuiltWithUnrealBuildTool|Win32
		{E6DF397B-6939-4511-AC66-22D7647039C5}.DebugGame Editor|HTML5.ActiveCfg = Invalid|Win32
		{E6DF397B-6939-4511-AC66-22D7647039C5}.DebugGame Editor|Win32.ActiveCfg = Invalid|Win32
		{E6DF397B-6939-4511-AC66-22D7647039C5}.DebugGame Editor|Win64.ActiveCfg = DebugGame_Editor|x64
		{E6DF397B-6939-4511-AC66-22D7647039C5}.DebugGame Editor|Win64.Build.0 = DebugGame_Editor|x64
		{E6DF397B-6939-4511-AC66-22D7647039C5}.DebugGame|HTML5.ActiveCfg = HTML5_DebugGame|Win32
		{E6DF397B-6939-4511-AC66-22D7647039C5}.DebugGame|HTML5.Build.0 = HTML5_DebugGame|Win32
		{E6DF397B-6939-4511-AC66-22D7647039C5}.DebugGame|Win32.ActiveCfg = DebugGame|Win32
		{E6DF397B-6939-4511-AC66-22D7647039C5}.DebugGame|Win32.Build.0 = DebugGame|Win32
		{E6DF397B-6939-4511-AC66-22D7647039C5}.DebugGame|Win64.ActiveCfg = DebugGame|x64
		{E6DF397B-6939-4511-AC66-22D7647039C5}.DebugGame|Win64.Build.0 = DebugGame|x64
		{E6DF397B-6939-4511-AC66-22D7647039C5}.Development Editor|HTML5.ActiveCfg = Invalid|Win32
		{E6DF397B-6939-4511-AC66-22D7647039C5}.Development Editor|Win32.ActiveCfg = Invalid|Win32
		{E6DF397B-6939-4511-AC66-22D7647039C5}.Development Editor|Win64.ActiveCfg = Development_Editor|x64
		{E6DF397B-6939-4511-AC66-22D7647039C5}.Development Editor|Win64.Build.0 = Development_Editor|x64
		{E6DF397B-6939-4511-AC66-22D7647039C5}.Development|HTML5.ActiveCfg = HTML5_Development|Win32
		{E6DF397B-6939-4511-AC66-22D7647039C5}.Development|HTML5.Build.0 = HTML5_Development|Win32
		{E6DF397B-6939-4511-AC66-22D7647039C5}.Development|Win32.ActiveCfg = Development|Win32
		{E6DF397B-6939-4511-AC66-22D7647039C5}.Development|Win32.Build.0 = Development|Win32
		{E6DF397B-6939-4511-AC66-22D7647039C5}.Development|Win64.ActiveCfg = Development|x64
		{E6DF397B-6939-4511-AC66-22D7647039C5}.Development|Win64.Build.0 = Development|x64
		{E6DF397B-6939-4511-AC66-22D7647039C5}.Shipping|HTML5.ActiveCfg = HTML5_Shipping|Win32
		{E6DF397B-6939-4511-AC66-22D7647039C5}.Shipping|HTML5.Build.0 = HTML5_Shipping|Win32
		{E6DF397B-6939-4511-AC66-22D7647039C5}.Shipping|Win32.ActiveCfg = Shipping|Win32
		{E6DF397B-6939-4511-AC66-22D7647039C5}.Shipping|Win32.Build.0 = Shipping|Win32
		{E6DF397B-6939-4511-AC66-22D7647039C5}.Shipping|Win64.ActiveCfg = Shipping|x64
		{E6DF397B-6939-4511-AC66-22D7647039C5}.Shipping|Win64.Build.0 = Shipping|x64
	EndGlobalSection
	GlobalSection(SolutionProperties) = preSolution
		HideSolutionNode = FALSE
	EndGlobalSection
	GlobalSection(NestedProjects) = preSolution
		{944B88A3-5A29-419F-85CA-FD07087D1EBD} = {5E71587F-77DF-4E82-9621-A17E4C6490BA}
		{E6DF397B-6939-4511-AC66-22D7647039C5} = {BA475EC4-6A0E-47C2-AADF-3CDB47234175}
	EndGlobalSection
EndGlobal
