
Microsoft Visual Studio Solution File, Format Version 12.00
# Visual Studio 15
VisualStudioVersion = 15.0.25807.0
MinimumVisualStudioVersion = 10.0.40219.1
Project("{2150E333-8FDC-42A3-9474-1A3956D46DE8}") = "Engine", "Engine", "{541BCE5B-8291-4083-A7AD-1649E86C521E}"
EndProject
Project("{2150E333-8FDC-42A3-9474-1A3956D46DE8}") = "Games", "Games", "{8BD5E644-0B2D-439A-94EA-AC6EFD43E05D}"
EndProject
Project("{8BC9CEB8-8B4A-11D0-8D11-00A0C91BC942}") = "UE4", "Intermediate\ProjectFiles\UE4.vcxproj", "{AC94D633-7D29-40F3-9863-7B5C5A8697CE}"
EndProject
Project("{8BC9CEB8-8B4A-11D0-8D11-00A0C91BC942}") = "FinalProjectAlpha", "Intermediate\ProjectFiles\FinalProjectAlpha.vcxproj", "{632DE8D1-82DB-4814-B047-F5FBB44F7927}"
EndProject
Project("{2150E333-8FDC-42A3-9474-1A3956D46DE8}") = "Visualizers", "Visualizers", "{1CD0983A-F276-4937-82DD-88FDCF888287}"
	ProjectSection(SolutionItems) = preProject
		..\Epic Games\UE_4.23\Engine\Extras\VisualStudioDebugging\UE4.natvis = ..\Epic Games\UE_4.23\Engine\Extras\VisualStudioDebugging\UE4.natvis
	EndProjectSection
EndProject
Global
	GlobalSection(SolutionConfigurationPlatforms) = preSolution
		DebugGame Editor|HTML5 = DebugGame Editor|HTML5
		DebugGame Editor|Win32 = DebugGame Editor|Win32
		DebugGame Editor|Win64 = DebugGame Editor|Win64
		DebugGame|HTML5 = DebugGame|HTML5
		DebugGame|Win32 = DebugGame|Win32
		DebugGame|Win64 = DebugGame|Win64
		Development Editor|HTML5 = Development Editor|HTML5
		Development Editor|Win32 = Development Editor|Win32
		Development Editor|Win64 = Development Editor|Win64
		Development|HTML5 = Development|HTML5
		Development|Win32 = Development|Win32
		Development|Win64 = Development|Win64
		Shipping|HTML5 = Shipping|HTML5
		Shipping|Win32 = Shipping|Win32
		Shipping|Win64 = Shipping|Win64
	EndGlobalSection
	GlobalSection(ProjectConfigurationPlatforms) = postSolution
		{AC94D633-7D29-40F3-9863-7B5C5A8697CE}.DebugGame Editor|HTML5.ActiveCfg = BuiltWithUnrealBuildTool|Win32
		{AC94D633-7D29-40F3-9863-7B5C5A8697CE}.DebugGame Editor|Win32.ActiveCfg = BuiltWithUnrealBuildTool|Win32
		{AC94D633-7D29-40F3-9863-7B5C5A8697CE}.DebugGame Editor|Win64.ActiveCfg = BuiltWithUnrealBuildTool|Win32
		{AC94D633-7D29-40F3-9863-7B5C5A8697CE}.DebugGame|HTML5.ActiveCfg = BuiltWithUnrealBuildTool|Win32
		{AC94D633-7D29-40F3-9863-7B5C5A8697CE}.DebugGame|Win32.ActiveCfg = BuiltWithUnrealBuildTool|Win32
		{AC94D633-7D29-40F3-9863-7B5C5A8697CE}.DebugGame|Win64.ActiveCfg = BuiltWithUnrealBuildTool|Win32
		{AC94D633-7D29-40F3-9863-7B5C5A8697CE}.Development Editor|HTML5.ActiveCfg = BuiltWithUnrealBuildTool|Win32
		{AC94D633-7D29-40F3-9863-7B5C5A8697CE}.Development Editor|Win32.ActiveCfg = BuiltWithUnrealBuildTool|Win32
		{AC94D633-7D29-40F3-9863-7B5C5A8697CE}.Development Editor|Win64.ActiveCfg = BuiltWithUnrealBuildTool|Win32
		{AC94D633-7D29-40F3-9863-7B5C5A8697CE}.Development|HTML5.ActiveCfg = BuiltWithUnrealBuildTool|Win32
		{AC94D633-7D29-40F3-9863-7B5C5A8697CE}.Development|Win32.ActiveCfg = BuiltWithUnrealBuildTool|Win32
		{AC94D633-7D29-40F3-9863-7B5C5A8697CE}.Development|Win64.ActiveCfg = BuiltWithUnrealBuildTool|Win32
		{AC94D633-7D29-40F3-9863-7B5C5A8697CE}.Shipping|HTML5.ActiveCfg = BuiltWithUnrealBuildTool|Win32
		{AC94D633-7D29-40F3-9863-7B5C5A8697CE}.Shipping|Win32.ActiveCfg = BuiltWithUnrealBuildTool|Win32
		{AC94D633-7D29-40F3-9863-7B5C5A8697CE}.Shipping|Win64.ActiveCfg = BuiltWithUnrealBuildTool|Win32
		{632DE8D1-82DB-4814-B047-F5FBB44F7927}.DebugGame Editor|HTML5.ActiveCfg = Invalid|Win32
		{632DE8D1-82DB-4814-B047-F5FBB44F7927}.DebugGame Editor|Win32.ActiveCfg = Invalid|Win32
		{632DE8D1-82DB-4814-B047-F5FBB44F7927}.DebugGame Editor|Win64.ActiveCfg = DebugGame_Editor|x64
		{632DE8D1-82DB-4814-B047-F5FBB44F7927}.DebugGame Editor|Win64.Build.0 = DebugGame_Editor|x64
		{632DE8D1-82DB-4814-B047-F5FBB44F7927}.DebugGame|HTML5.ActiveCfg = HTML5_DebugGame|Win32
		{632DE8D1-82DB-4814-B047-F5FBB44F7927}.DebugGame|HTML5.Build.0 = HTML5_DebugGame|Win32
		{632DE8D1-82DB-4814-B047-F5FBB44F7927}.DebugGame|Win32.ActiveCfg = DebugGame|Win32
		{632DE8D1-82DB-4814-B047-F5FBB44F7927}.DebugGame|Win32.Build.0 = DebugGame|Win32
		{632DE8D1-82DB-4814-B047-F5FBB44F7927}.DebugGame|Win64.ActiveCfg = DebugGame|x64
		{632DE8D1-82DB-4814-B047-F5FBB44F7927}.DebugGame|Win64.Build.0 = DebugGame|x64
		{632DE8D1-82DB-4814-B047-F5FBB44F7927}.Development Editor|HTML5.ActiveCfg = Invalid|Win32
		{632DE8D1-82DB-4814-B047-F5FBB44F7927}.Development Editor|Win32.ActiveCfg = Invalid|Win32
		{632DE8D1-82DB-4814-B047-F5FBB44F7927}.Development Editor|Win64.ActiveCfg = Development_Editor|x64
		{632DE8D1-82DB-4814-B047-F5FBB44F7927}.Development Editor|Win64.Build.0 = Development_Editor|x64
		{632DE8D1-82DB-4814-B047-F5FBB44F7927}.Development|HTML5.ActiveCfg = HTML5_Development|Win32
		{632DE8D1-82DB-4814-B047-F5FBB44F7927}.Development|HTML5.Build.0 = HTML5_Development|Win32
		{632DE8D1-82DB-4814-B047-F5FBB44F7927}.Development|Win32.ActiveCfg = Development|Win32
		{632DE8D1-82DB-4814-B047-F5FBB44F7927}.Development|Win32.Build.0 = Development|Win32
		{632DE8D1-82DB-4814-B047-F5FBB44F7927}.Development|Win64.ActiveCfg = Development|x64
		{632DE8D1-82DB-4814-B047-F5FBB44F7927}.Development|Win64.Build.0 = Development|x64
		{632DE8D1-82DB-4814-B047-F5FBB44F7927}.Shipping|HTML5.ActiveCfg = HTML5_Shipping|Win32
		{632DE8D1-82DB-4814-B047-F5FBB44F7927}.Shipping|HTML5.Build.0 = HTML5_Shipping|Win32
		{632DE8D1-82DB-4814-B047-F5FBB44F7927}.Shipping|Win32.ActiveCfg = Shipping|Win32
		{632DE8D1-82DB-4814-B047-F5FBB44F7927}.Shipping|Win32.Build.0 = Shipping|Win32
		{632DE8D1-82DB-4814-B047-F5FBB44F7927}.Shipping|Win64.ActiveCfg = Shipping|x64
		{632DE8D1-82DB-4814-B047-F5FBB44F7927}.Shipping|Win64.Build.0 = Shipping|x64
	EndGlobalSection
	GlobalSection(SolutionProperties) = preSolution
		HideSolutionNode = FALSE
	EndGlobalSection
	GlobalSection(NestedProjects) = preSolution
		{AC94D633-7D29-40F3-9863-7B5C5A8697CE} = {541BCE5B-8291-4083-A7AD-1649E86C521E}
		{632DE8D1-82DB-4814-B047-F5FBB44F7927} = {8BD5E644-0B2D-439A-94EA-AC6EFD43E05D}
	EndGlobalSection
EndGlobal
